
Microsoft Visual Studio Solution File, Format Version 12.00
# Visual Studio Version 17
VisualStudioVersion = 17.0.31919.166
MinimumVisualStudioVersion = 10.0.40219.1
Project("{FAE04EC0-301F-11D3-BF4B-00C04F79EFBC}") = "ABTesting.Android", "ABTesting\ABTesting.Android\ABTesting.Android.csproj", "{5D69024D-BB36-431E-80A5-0E1DAF5734C1}"
EndProject
Project("{FAE04EC0-301F-11D3-BF4B-00C04F79EFBC}") = "ABTesting.iOS", "ABTesting\ABTesting.iOS\ABTesting.iOS.csproj", "{5AC8C735-C330-4882-B697-59020E6A8386}"
EndProject
Project("{FAE04EC0-301F-11D3-BF4B-00C04F79EFBC}") = "ABTesting", "ABTesting\ABTesting\ABTesting.csproj", "{8975B347-0AA0-4ECF-8CE3-24EFE576244A}"
EndProject
Global
	GlobalSection(SolutionConfigurationPlatforms) = preSolution
		Debug|Any CPU = Debug|Any CPU
		Debug|iPhone = Debug|iPhone
		Debug|iPhoneSimulator = Debug|iPhoneSimulator
		Release|Any CPU = Release|Any CPU
		Release|iPhone = Release|iPhone
		Release|iPhoneSimulator = Release|iPhoneSimulator
	EndGlobalSection
	GlobalSection(ProjectConfigurationPlatforms) = postSolution
		{5D69024D-BB36-431E-80A5-0E1DAF5734C1}.Debug|Any CPU.ActiveCfg = Debug|Any CPU
		{5D69024D-BB36-431E-80A5-0E1DAF5734C1}.Debug|Any CPU.Build.0 = Debug|Any CPU
		{5D69024D-BB36-431E-80A5-0E1DAF5734C1}.Debug|Any CPU.Deploy.0 = Debug|Any CPU
		{5D69024D-BB36-431E-80A5-0E1DAF5734C1}.Debug|iPhone.ActiveCfg = Debug|Any CPU
		{5D69024D-BB36-431E-80A5-0E1DAF5734C1}.Debug|iPhone.Build.0 = Debug|Any CPU
		{5D69024D-BB36-431E-80A5-0E1DAF5734C1}.Debug|iPhone.Deploy.0 = Debug|Any CPU
		{5D69024D-BB36-431E-80A5-0E1DAF5734C1}.Debug|iPhoneSimulator.ActiveCfg = Debug|Any CPU
		{5D69024D-BB36-431E-80A5-0E1DAF5734C1}.Debug|iPhoneSimulator.Build.0 = Debug|Any CPU
		{5D69024D-BB36-431E-80A5-0E1DAF5734C1}.Debug|iPhoneSimulator.Deploy.0 = Debug|Any CPU
		{5D69024D-BB36-431E-80A5-0E1DAF5734C1}.Release|Any CPU.ActiveCfg = Release|Any CPU
		{5D69024D-BB36-431E-80A5-0E1DAF5734C1}.Release|Any CPU.Build.0 = Release|Any CPU
		{5D69024D-BB36-431E-80A5-0E1DAF5734C1}.Release|Any CPU.Deploy.0 = Release|Any CPU
		{5D69024D-BB36-431E-80A5-0E1DAF5734C1}.Release|iPhone.ActiveCfg = Release|Any CPU
		{5D69024D-BB36-431E-80A5-0E1DAF5734C1}.Release|iPhone.Build.0 = Release|Any CPU
		{5D69024D-BB36-431E-80A5-0E1DAF5734C1}.Release|iPhone.Deploy.0 = Release|Any CPU
		{5D69024D-BB36-431E-80A5-0E1DAF5734C1}.Release|iPhoneSimulator.ActiveCfg = Release|Any CPU
		{5D69024D-BB36-431E-80A5-0E1DAF5734C1}.Release|iPhoneSimulator.Build.0 = Release|Any CPU
		{5D69024D-BB36-431E-80A5-0E1DAF5734C1}.Release|iPhoneSimulator.Deploy.0 = Release|Any CPU
		{5AC8C735-C330-4882-B697-59020E6A8386}.Debug|Any CPU.ActiveCfg = Debug|iPhone
		{5AC8C735-C330-4882-B697-59020E6A8386}.Debug|Any CPU.Build.0 = Debug|iPhone
		{5AC8C735-C330-4882-B697-59020E6A8386}.Debug|Any CPU.Deploy.0 = Debug|iPhone
		{5AC8C735-C330-4882-B697-59020E6A8386}.Debug|iPhone.ActiveCfg = Debug|iPhone
		{5AC8C735-C330-4882-B697-59020E6A8386}.Debug|iPhone.Build.0 = Debug|iPhone
		{5AC8C735-C330-4882-B697-59020E6A8386}.Debug|iPhone.Deploy.0 = Debug|iPhone
		{5AC8C735-C330-4882-B697-59020E6A8386}.Debug|iPhoneSimulator.ActiveCfg = Debug|iPhoneSimulator
		{5AC8C735-C330-4882-B697-59020E6A8386}.Debug|iPhoneSimulator.Build.0 = Debug|iPhoneSimulator
		{5AC8C735-C330-4882-B697-59020E6A8386}.Debug|iPhoneSimulator.Deploy.0 = Debug|iPhoneSimulator
		{5AC8C735-C330-4882-B697-59020E6A8386}.Release|Any CPU.ActiveCfg = Release|iPhoneSimulator
		{5AC8C735-C330-4882-B697-59020E6A8386}.Release|Any CPU.Build.0 = Release|iPhoneSimulator
		{5AC8C735-C330-4882-B697-59020E6A8386}.Release|Any CPU.Deploy.0 = Release|iPhoneSimulator
		{5AC8C735-C330-4882-B697-59020E6A8386}.Release|iPhone.ActiveCfg = Release|iPhone
		{5AC8C735-C330-4882-B697-59020E6A8386}.Release|iPhone.Build.0 = Release|iPhone
		{5AC8C735-C330-4882-B697-59020E6A8386}.Release|iPhone.Deploy.0 = Release|iPhone
		{5AC8C735-C330-4882-B697-59020E6A8386}.Release|iPhoneSimulator.ActiveCfg = Release|iPhoneSimulator
		{5AC8C735-C330-4882-B697-59020E6A8386}.Release|iPhoneSimulator.Build.0 = Release|iPhoneSimulator
		{5AC8C735-C330-4882-B697-59020E6A8386}.Release|iPhoneSimulator.Deploy.0 = Release|iPhoneSimulator
		{8975B347-0AA0-4ECF-8CE3-24EFE576244A}.Debug|Any CPU.ActiveCfg = Debug|Any CPU
		{8975B347-0AA0-4ECF-8CE3-24EFE576244A}.Debug|Any CPU.Build.0 = Debug|Any CPU
		{8975B347-0AA0-4ECF-8CE3-24EFE576244A}.Debug|Any CPU.Deploy.0 = Debug|Any CPU
		{8975B347-0AA0-4ECF-8CE3-24EFE576244A}.Debug|iPhone.ActiveCfg = Debug|Any CPU
		{8975B347-0AA0-4ECF-8CE3-24EFE576244A}.Debug|iPhone.Build.0 = Debug|Any CPU
		{8975B347-0AA0-4ECF-8CE3-24EFE576244A}.Debug|iPhone.Deploy.0 = Debug|Any CPU
		{8975B347-0AA0-4ECF-8CE3-24EFE576244A}.Debug|iPhoneSimulator.ActiveCfg = Debug|Any CPU
		{8975B347-0AA0-4ECF-8CE3-24EFE576244A}.Debug|iPhoneSimulator.Build.0 = Debug|Any CPU
		{8975B347-0AA0-4ECF-8CE3-24EFE576244A}.Debug|iPhoneSimulator.Deploy.0 = Debug|Any CPU
		{8975B347-0AA0-4ECF-8CE3-24EFE576244A}.Release|Any CPU.ActiveCfg = Release|Any CPU
		{8975B347-0AA0-4ECF-8CE3-24EFE576244A}.Release|Any CPU.Build.0 = Release|Any CPU
		{8975B347-0AA0-4ECF-8CE3-24EFE576244A}.Release|Any CPU.Deploy.0 = Release|Any CPU
		{8975B347-0AA0-4ECF-8CE3-24EFE576244A}.Release|iPhone.ActiveCfg = Release|Any CPU
		{8975B347-0AA0-4ECF-8CE3-24EFE576244A}.Release|iPhone.Build.0 = Release|Any CPU
		{8975B347-0AA0-4ECF-8CE3-24EFE576244A}.Release|iPhone.Deploy.0 = Release|Any CPU
		{8975B347-0AA0-4ECF-8CE3-24EFE576244A}.Release|iPhoneSimulator.ActiveCfg = Release|Any CPU
		{8975B347-0AA0-4ECF-8CE3-24EFE576244A}.Release|iPhoneSimulator.Build.0 = Release|Any CPU
		{8975B347-0AA0-4ECF-8CE3-24EFE576244A}.Release|iPhoneSimulator.Deploy.0 = Release|Any CPU
	EndGlobalSection
	GlobalSection(SolutionProperties) = preSolution
		HideSolutionNode = FALSE
	EndGlobalSection
	GlobalSection(ExtensibilityGlobals) = postSolution
		SolutionGuid = {D6B2320F-7AFB-4793-8ADA-767DA9D48684}
	EndGlobalSection
EndGlobal
